// !$*UTF8*$!
{
	archiveVersion = 1;
	classes = {
	};
	objectVersion = 56;
	objects = {

/* Begin PBXBuildFile section */
		6C66C2B12B0CE31700E22EAC /* EduAppApp.swift in Sources */ = {isa = PBXBuildFile; fileRef = 6C66C2B02B0CE31700E22EAC /* EduAppApp.swift */; };
		6C66C2B32B0CE31700E22EAC /* ContentView.swift in Sources */ = {isa = PBXBuildFile; fileRef = 6C66C2B22B0CE31700E22EAC /* ContentView.swift */; };
		6C66C2B52B0CE31700E22EAC /* Item.swift in Sources */ = {isa = PBXBuildFile; fileRef = 6C66C2B42B0CE31700E22EAC /* Item.swift */; };
		6C66C2B72B0CE31900E22EAC /* Assets.xcassets in Resources */ = {isa = PBXBuildFile; fileRef = 6C66C2B62B0CE31900E22EAC /* Assets.xcassets */; };
		6C66C2BA2B0CE31900E22EAC /* Preview Assets.xcassets in Resources */ = {isa = PBXBuildFile; fileRef = 6C66C2B92B0CE31900E22EAC /* Preview Assets.xcassets */; };
		6C66C2C42B0CE3BC00E22EAC /* EvolutionView.swift in Sources */ = {isa = PBXBuildFile; fileRef = 6C66C2C32B0CE3BC00E22EAC /* EvolutionView.swift */; };
		6C66C2C62B0CE42400E22EAC /* TimerView.swift in Sources */ = {isa = PBXBuildFile; fileRef = 6C66C2C52B0CE42400E22EAC /* TimerView.swift */; };
		6C66C2C82B0CE96900E22EAC /* TimerCircle.swift in Sources */ = {isa = PBXBuildFile; fileRef = 6C66C2C72B0CE96900E22EAC /* TimerCircle.swift */; };
		6C66C2CA2B0CF8E700E22EAC /* TimerToDo.swift in Sources */ = {isa = PBXBuildFile; fileRef = 6C66C2C92B0CF8E700E22EAC /* TimerToDo.swift */; };
/* End PBXBuildFile section */

/* Begin PBXFileReference section */
		6C66C2AD2B0CE31700E22EAC /* EduApp.app */ = {isa = PBXFileReference; explicitFileType = wrapper.application; includeInIndex = 0; path = EduApp.app; sourceTree = BUILT_PRODUCTS_DIR; };
		6C66C2B02B0CE31700E22EAC /* EduAppApp.swift */ = {isa = PBXFileReference; lastKnownFileType = sourcecode.swift; path = EduAppApp.swift; sourceTree = "<group>"; };
		6C66C2B22B0CE31700E22EAC /* ContentView.swift */ = {isa = PBXFileReference; lastKnownFileType = sourcecode.swift; path = ContentView.swift; sourceTree = "<group>"; };
		6C66C2B42B0CE31700E22EAC /* Item.swift */ = {isa = PBXFileReference; lastKnownFileType = sourcecode.swift; path = Item.swift; sourceTree = "<group>"; };
		6C66C2B62B0CE31900E22EAC /* Assets.xcassets */ = {isa = PBXFileReference; lastKnownFileType = folder.assetcatalog; path = Assets.xcassets; sourceTree = "<group>"; };
		6C66C2B92B0CE31900E22EAC /* Preview Assets.xcassets */ = {isa = PBXFileReference; lastKnownFileType = folder.assetcatalog; path = "Preview Assets.xcassets"; sourceTree = "<group>"; };
		6C66C2C32B0CE3BC00E22EAC /* EvolutionView.swift */ = {isa = PBXFileReference; lastKnownFileType = sourcecode.swift; path = EvolutionView.swift; sourceTree = "<group>"; };
		6C66C2C52B0CE42400E22EAC /* TimerView.swift */ = {isa = PBXFileReference; lastKnownFileType = sourcecode.swift; path = TimerView.swift; sourceTree = "<group>"; };
		6C66C2C72B0CE96900E22EAC /* TimerCircle.swift */ = {isa = PBXFileReference; lastKnownFileType = sourcecode.swift; path = TimerCircle.swift; sourceTree = "<group>"; };
		6C66C2C92B0CF8E700E22EAC /* TimerToDo.swift */ = {isa = PBXFileReference; lastKnownFileType = sourcecode.swift; path = TimerToDo.swift; sourceTree = "<group>"; };
/* End PBXFileReference section */

/* Begin PBXFrameworksBuildPhase section */
		6C66C2AA2B0CE31700E22EAC /* Frameworks */ = {
			isa = PBXFrameworksBuildPhase;
			buildActionMask = 2147483647;
			files = (
			);
			runOnlyForDeploymentPostprocessing = 0;
		};
/* End PBXFrameworksBuildPhase section */

/* Begin PBXGroup section */
		6C66C2A42B0CE31700E22EAC = {
			isa = PBXGroup;
			children = (
				6C66C2AF2B0CE31700E22EAC /* EduApp */,
				6C66C2AE2B0CE31700E22EAC /* Products */,
			);
			sourceTree = "<group>";
		};
		6C66C2AE2B0CE31700E22EAC /* Products */ = {
			isa = PBXGroup;
			children = (
				6C66C2AD2B0CE31700E22EAC /* EduApp.app */,
			);
			name = Products;
			sourceTree = "<group>";
		};
		6C66C2AF2B0CE31700E22EAC /* EduApp */ = {
			isa = PBXGroup;
			children = (
				6C66C2B02B0CE31700E22EAC /* EduAppApp.swift */,
				6C66C2B22B0CE31700E22EAC /* ContentView.swift */,
				6C66C2C02B0CE33300E22EAC /* Features */,
				6C66C2B42B0CE31700E22EAC /* Item.swift */,
				6C66C2B62B0CE31900E22EAC /* Assets.xcassets */,
				6C66C2B82B0CE31900E22EAC /* Preview Content */,
			);
			path = EduApp;
			sourceTree = "<group>";
		};
		6C66C2B82B0CE31900E22EAC /* Preview Content */ = {
			isa = PBXGroup;
			children = (
				6C66C2B92B0CE31900E22EAC /* Preview Assets.xcassets */,
			);
			path = "Preview Content";
			sourceTree = "<group>";
		};
		6C66C2C02B0CE33300E22EAC /* Features */ = {
			isa = PBXGroup;
			children = (
				6C66C2C22B0CE36000E22EAC /* Timer */,
				6C66C2C12B0CE34F00E22EAC /* Evolution */,
			);
			path = Features;
			sourceTree = "<group>";
		};
		6C66C2C12B0CE34F00E22EAC /* Evolution */ = {
			isa = PBXGroup;
			children = (
				6C66C2C32B0CE3BC00E22EAC /* EvolutionView.swift */,
			);
			path = Evolution;
			sourceTree = "<group>";
		};
		6C66C2C22B0CE36000E22EAC /* Timer */ = {
			isa = PBXGroup;
			children = (
				6C66C2C52B0CE42400E22EAC /* TimerView.swift */,
				6C66C2C92B0CF8E700E22EAC /* TimerToDo.swift */,
				6C66C2C72B0CE96900E22EAC /* TimerCircle.swift */,
			);
			path = Timer;
			sourceTree = "<group>";
		};
/* End PBXGroup section */

/* Begin PBXNativeTarget section */
		6C66C2AC2B0CE31700E22EAC /* EduApp */ = {
			isa = PBXNativeTarget;
			buildConfigurationList = 6C66C2BD2B0CE31900E22EAC /* Build configuration list for PBXNativeTarget "EduApp" */;
			buildPhases = (
				6C66C2A92B0CE31700E22EAC /* Sources */,
				6C66C2AA2B0CE31700E22EAC /* Frameworks */,
				6C66C2AB2B0CE31700E22EAC /* Resources */,
			);
			buildRules = (
			);
			dependencies = (
			);
			name = EduApp;
			productName = EduApp;
			productReference = 6C66C2AD2B0CE31700E22EAC /* EduApp.app */;
			productType = "com.apple.product-type.application";
		};
/* End PBXNativeTarget section */

/* Begin PBXProject section */
		6C66C2A52B0CE31700E22EAC /* Project object */ = {
			isa = PBXProject;
			attributes = {
				BuildIndependentTargetsInParallel = 1;
				LastSwiftUpdateCheck = 1500;
				LastUpgradeCheck = 1500;
				TargetAttributes = {
					6C66C2AC2B0CE31700E22EAC = {
						CreatedOnToolsVersion = 15.0;
					};
				};
			};
			buildConfigurationList = 6C66C2A82B0CE31700E22EAC /* Build configuration list for PBXProject "EduApp" */;
			compatibilityVersion = "Xcode 14.0";
			developmentRegion = en;
			hasScannedForEncodings = 0;
			knownRegions = (
				en,
				Base,
			);
			mainGroup = 6C66C2A42B0CE31700E22EAC;
			productRefGroup = 6C66C2AE2B0CE31700E22EAC /* Products */;
			projectDirPath = "";
			projectRoot = "";
			targets = (
				6C66C2AC2B0CE31700E22EAC /* EduApp */,
			);
		};
/* End PBXProject section */

/* Begin PBXResourcesBuildPhase section */
		6C66C2AB2B0CE31700E22EAC /* Resources */ = {
			isa = PBXResourcesBuildPhase;
			buildActionMask = 2147483647;
			files = (
				6C66C2BA2B0CE31900E22EAC /* Preview Assets.xcassets in Resources */,
				6C66C2B72B0CE31900E22EAC /* Assets.xcassets in Resources */,
			);
			runOnlyForDeploymentPostprocessing = 0;
		};
/* End PBXResourcesBuildPhase section */

/* Begin PBXSourcesBuildPhase section */
		6C66C2A92B0CE31700E22EAC /* Sources */ = {
			isa = PBXSourcesBuildPhase;
			buildActionMask = 2147483647;
			files = (
				6C66C2C62B0CE42400E22EAC /* TimerView.swift in Sources */,
				6C66C2C82B0CE96900E22EAC /* TimerCircle.swift in Sources */,
				6C66C2B32B0CE31700E22EAC /* ContentView.swift in Sources */,
				6C66C2B52B0CE31700E22EAC /* Item.swift in Sources */,
				6C66C2C42B0CE3BC00E22EAC /* EvolutionView.swift in Sources */,
				6C66C2B12B0CE31700E22EAC /* EduAppApp.swift in Sources */,
				6C66C2CA2B0CF8E700E22EAC /* TimerToDo.swift in Sources */,
			);
			runOnlyForDeploymentPostprocessing = 0;
		};
/* End PBXSourcesBuildPhase section */

/* Begin XCBuildConfiguration section */
		6C66C2BB2B0CE31900E22EAC /* Debug */ = {
			isa = XCBuildConfiguration;
			buildSettings = {
				ALWAYS_SEARCH_USER_PATHS = NO;
				ASSETCATALOG_COMPILER_GENERATE_SWIFT_ASSET_SYMBOL_EXTENSIONS = YES;
				CLANG_ANALYZER_NONNULL = YES;
				CLANG_ANALYZER_NUMBER_OBJECT_CONVERSION = YES_AGGRESSIVE;
				CLANG_CXX_LANGUAGE_STANDARD = "gnu++20";
				CLANG_ENABLE_MODULES = YES;
				CLANG_ENABLE_OBJC_ARC = YES;
				CLANG_ENABLE_OBJC_WEAK = YES;
				CLANG_WARN_BLOCK_CAPTURE_AUTORELEASING = YES;
				CLANG_WARN_BOOL_CONVERSION = YES;
				CLANG_WARN_COMMA = YES;
				CLANG_WARN_CONSTANT_CONVERSION = YES;
				CLANG_WARN_DEPRECATED_OBJC_IMPLEMENTATIONS = YES;
				CLANG_WARN_DIRECT_OBJC_ISA_USAGE = YES_ERROR;
				CLANG_WARN_DOCUMENTATION_COMMENTS = YES;
				CLANG_WARN_EMPTY_BODY = YES;
				CLANG_WARN_ENUM_CONVERSION = YES;
				CLANG_WARN_INFINITE_RECURSION = YES;
				CLANG_WARN_INT_CONVERSION = YES;
				CLANG_WARN_NON_LITERAL_NULL_CONVERSION = YES;
				CLANG_WARN_OBJC_IMPLICIT_RETAIN_SELF = YES;
				CLANG_WARN_OBJC_LITERAL_CONVERSION = YES;
				CLANG_WARN_OBJC_ROOT_CLASS = YES_ERROR;
				CLANG_WARN_QUOTED_INCLUDE_IN_FRAMEWORK_HEADER = YES;
				CLANG_WARN_RANGE_LOOP_ANALYSIS = YES;
				CLANG_WARN_STRICT_PROTOTYPES = YES;
				CLANG_WARN_SUSPICIOUS_MOVE = YES;
				CLANG_WARN_UNGUARDED_AVAILABILITY = YES_AGGRESSIVE;
				CLANG_WARN_UNREACHABLE_CODE = YES;
				CLANG_WARN__DUPLICATE_METHOD_MATCH = YES;
				COPY_PHASE_STRIP = NO;
				DEBUG_INFORMATION_FORMAT = dwarf;
				ENABLE_STRICT_OBJC_MSGSEND = YES;
				ENABLE_TESTABILITY = YES;
				ENABLE_USER_SCRIPT_SANDBOXING = YES;
				GCC_C_LANGUAGE_STANDARD = gnu17;
				GCC_DYNAMIC_NO_PIC = NO;
				GCC_NO_COMMON_BLOCKS = YES;
				GCC_OPTIMIZATION_LEVEL = 0;
				GCC_PREPROCESSOR_DEFINITIONS = (
					"DEBUG=1",
					"$(inherited)",
				);
				GCC_WARN_64_TO_32_BIT_CONVERSION = YES;
				GCC_WARN_ABOUT_RETURN_TYPE = YES_ERROR;
				GCC_WARN_UNDECLARED_SELECTOR = YES;
				GCC_WARN_UNINITIALIZED_AUTOS = YES_AGGRESSIVE;
				GCC_WARN_UNUSED_FUNCTION = YES;
				GCC_WARN_UNUSED_VARIABLE = YES;
				IPHONEOS_DEPLOYMENT_TARGET = 17.0;
				LOCALIZATION_PREFERS_STRING_CATALOGS = YES;
				MTL_ENABLE_DEBUG_INFO = INCLUDE_SOURCE;
				MTL_FAST_MATH = YES;
				ONLY_ACTIVE_ARCH = YES;
				SDKROOT = iphoneos;
				SWIFT_ACTIVE_COMPILATION_CONDITIONS = "DEBUG $(inherited)";
				SWIFT_OPTIMIZATION_LEVEL = "-Onone";
			};
			name = Debug;
		};
		6C66C2BC2B0CE31900E22EAC /* Release */ = {
			isa = XCBuildConfiguration;
			buildSettings = {
				ALWAYS_SEARCH_USER_PATHS = NO;
				ASSETCATALOG_COMPILER_GENERATE_SWIFT_ASSET_SYMBOL_EXTENSIONS = YES;
				CLANG_ANALYZER_NONNULL = YES;
				CLANG_ANALYZER_NUMBER_OBJECT_CONVERSION = YES_AGGRESSIVE;
				CLANG_CXX_LANGUAGE_STANDARD = "gnu++20";
				CLANG_ENABLE_MODULES = YES;
				CLANG_ENABLE_OBJC_ARC = YES;
				CLANG_ENABLE_OBJC_WEAK = YES;
				CLANG_WARN_BLOCK_CAPTURE_AUTORELEASING = YES;
				CLANG_WARN_BOOL_CONVERSION = YES;
				CLANG_WARN_COMMA = YES;
				CLANG_WARN_CONSTANT_CONVERSION = YES;
				CLANG_WARN_DEPRECATED_OBJC_IMPLEMENTATIONS = YES;
				CLANG_WARN_DIRECT_OBJC_ISA_USAGE = YES_ERROR;
				CLANG_WARN_DOCUMENTATION_COMMENTS = YES;
				CLANG_WARN_EMPTY_BODY = YES;
				CLANG_WARN_ENUM_CONVERSION = YES;
				CLANG_WARN_INFINITE_RECURSION = YES;
				CLANG_WARN_INT_CONVERSION = YES;
				CLANG_WARN_NON_LITERAL_NULL_CONVERSION = YES;
				CLANG_WARN_OBJC_IMPLICIT_RETAIN_SELF = YES;
				CLANG_WARN_OBJC_LITERAL_CONVERSION = YES;
				CLANG_WARN_OBJC_ROOT_CLASS = YES_ERROR;
				CLANG_WARN_QUOTED_INCLUDE_IN_FRAMEWORK_HEADER = YES;
				CLANG_WARN_RANGE_LOOP_ANALYSIS = YES;
				CLANG_WARN_STRICT_PROTOTYPES = YES;
				CLANG_WARN_SUSPICIOUS_MOVE = YES;
				CLANG_WARN_UNGUARDED_AVAILABILITY = YES_AGGRESSIVE;
				CLANG_WARN_UNREACHABLE_CODE = YES;
				CLANG_WARN__DUPLICATE_METHOD_MATCH = YES;
				COPY_PHASE_STRIP = NO;
				DEBUG_INFORMATION_FORMAT = "dwarf-with-dsym";
				ENABLE_NS_ASSERTIONS = NO;
				ENABLE_STRICT_OBJC_MSGSEND = YES;
				ENABLE_USER_SCRIPT_SANDBOXING = YES;
				GCC_C_LANGUAGE_STANDARD = gnu17;
				GCC_NO_COMMON_BLOCKS = YES;
				GCC_WARN_64_TO_32_BIT_CONVERSION = YES;
				GCC_WARN_ABOUT_RETURN_TYPE = YES_ERROR;
				GCC_WARN_UNDECLARED_SELECTOR = YES;
				GCC_WARN_UNINITIALIZED_AUTOS = YES_AGGRESSIVE;
				GCC_WARN_UNUSED_FUNCTION = YES;
				GCC_WARN_UNUSED_VARIABLE = YES;
				IPHONEOS_DEPLOYMENT_TARGET = 17.0;
				LOCALIZATION_PREFERS_STRING_CATALOGS = YES;
				MTL_ENABLE_DEBUG_INFO = NO;
				MTL_FAST_MATH = YES;
				SDKROOT = iphoneos;
				SWIFT_COMPILATION_MODE = wholemodule;
				VALIDATE_PRODUCT = YES;
			};
			name = Release;
		};
		6C66C2BE2B0CE31900E22EAC /* Debug */ = {
			isa = XCBuildConfiguration;
			buildSettings = {
				ASSETCATALOG_COMPILER_APPICON_NAME = AppIcon;
				ASSETCATALOG_COMPILER_GLOBAL_ACCENT_COLOR_NAME = AccentColor;
				CODE_SIGN_STYLE = Automatic;
				CURRENT_PROJECT_VERSION = 1;
				DEVELOPMENT_ASSET_PATHS = "\"EduApp/Preview Content\"";
				ENABLE_PREVIEWS = YES;
				GENERATE_INFOPLIST_FILE = YES;
				INFOPLIST_KEY_UIApplicationSceneManifest_Generation = YES;
				INFOPLIST_KEY_UIApplicationSupportsIndirectInputEvents = YES;
				INFOPLIST_KEY_UILaunchScreen_Generation = YES;
				INFOPLIST_KEY_UISupportedInterfaceOrientations_iPad = "UIInterfaceOrientationPortrait UIInterfaceOrientationPortraitUpsideDown UIInterfaceOrientationLandscapeLeft UIInterfaceOrientationLandscapeRight";
				INFOPLIST_KEY_UISupportedInterfaceOrientations_iPhone = "UIInterfaceOrientationPortrait UIInterfaceOrientationLandscapeLeft UIInterfaceOrientationLandscapeRight";
				LD_RUNPATH_SEARCH_PATHS = (
					"$(inherited)",
					"@executable_path/Frameworks",
				);
				MARKETING_VERSION = 1.0;
				PRODUCT_BUNDLE_IDENTIFIER = com.demari.EduApp;
				PRODUCT_NAME = "$(TARGET_NAME)";
				SWIFT_EMIT_LOC_STRINGS = YES;
				SWIFT_VERSION = 5.0;
				TARGETED_DEVICE_FAMILY = "1,2";
			};
			name = Debug;
		};
		6C66C2BF2B0CE31900E22EAC /* Release */ = {
			isa = XCBuildConfiguration;
			buildSettings = {
				ASSETCATALOG_COMPILER_APPICON_NAME = AppIcon;
				ASSETCATALOG_COMPILER_GLOBAL_ACCENT_COLOR_NAME = AccentColor;
				CODE_SIGN_STYLE = Automatic;
				CURRENT_PROJECT_VERSION = 1;
				DEVELOPMENT_ASSET_PATHS = "\"EduApp/Preview Content\"";
				ENABLE_PREVIEWS = YES;
				GENERATE_INFOPLIST_FILE = YES;
				INFOPLIST_KEY_UIApplicationSceneManifest_Generation = YES;
				INFOPLIST_KEY_UIApplicationSupportsIndirectInputEvents = YES;
				INFOPLIST_KEY_UILaunchScreen_Generation = YES;
				INFOPLIST_KEY_UISupportedInterfaceOrientations_iPad = "UIInterfaceOrientationPortrait UIInterfaceOrientationPortraitUpsideDown UIInterfaceOrientationLandscapeLeft UIInterfaceOrientationLandscapeRight";
				INFOPLIST_KEY_UISupportedInterfaceOrientations_iPhone = "UIInterfaceOrientationPortrait UIInterfaceOrientationLandscapeLeft UIInterfaceOrientationLandscapeRight";
				LD_RUNPATH_SEARCH_PATHS = (
					"$(inherited)",
					"@executable_path/Frameworks",
				);
				MARKETING_VERSION = 1.0;
				PRODUCT_BUNDLE_IDENTIFIER = com.demari.EduApp;
				PRODUCT_NAME = "$(TARGET_NAME)";
				SWIFT_EMIT_LOC_STRINGS = YES;
				SWIFT_VERSION = 5.0;
				TARGETED_DEVICE_FAMILY = "1,2";
			};
			name = Release;
		};
/* End XCBuildConfiguration section */

/* Begin XCConfigurationList section */
		6C66C2A82B0CE31700E22EAC /* Build configuration list for PBXProject "EduApp" */ = {
			isa = XCConfigurationList;
			buildConfigurations = (
				6C66C2BB2B0CE31900E22EAC /* Debug */,
				6C66C2BC2B0CE31900E22EAC /* Release */,
			);
			defaultConfigurationIsVisible = 0;
			defaultConfigurationName = Release;
		};
		6C66C2BD2B0CE31900E22EAC /* Build configuration list for PBXNativeTarget "EduApp" */ = {
			isa = XCConfigurationList;
			buildConfigurations = (
				6C66C2BE2B0CE31900E22EAC /* Debug */,
				6C66C2BF2B0CE31900E22EAC /* Release */,
			);
			defaultConfigurationIsVisible = 0;
			defaultConfigurationName = Release;
		};
/* End XCConfigurationList section */
	};
	rootObject = 6C66C2A52B0CE31700E22EAC /* Project object */;
}
