// !$*UTF8*$!
{
	archiveVersion = 1;
	classes = {
	};
	objectVersion = 56;
	objects = {

/* Begin PBXBuildFile section */
		684556F22B0F93DD00E128E3 /* HomeView.swift in Sources */ = {isa = PBXBuildFile; fileRef = 684556F12B0F93DD00E128E3 /* HomeView.swift */; };
		684556F42B0F940600E128E3 /* HomeViewHeader.swift in Sources */ = {isa = PBXBuildFile; fileRef = 684556F32B0F940600E128E3 /* HomeViewHeader.swift */; };
		684556FB2B0F958400E128E3 /* AreaCard.swift in Sources */ = {isa = PBXBuildFile; fileRef = 684556FA2B0F958400E128E3 /* AreaCard.swift */; };
		68E939E12B1628BF00E71F56 /* NewCycleButton.swift in Sources */ = {isa = PBXBuildFile; fileRef = 68E939E02B1628BF00E71F56 /* NewCycleButton.swift */; };
		6C035AEB2B18BDE30018063C /* AreaSheetView.swift in Sources */ = {isa = PBXBuildFile; fileRef = 6C035AEA2B18BDE30018063C /* AreaSheetView.swift */; };
		6C035AED2B193E800018063C /* NoteAreaSheet.swift in Sources */ = {isa = PBXBuildFile; fileRef = 6C035AEC2B193E800018063C /* NoteAreaSheet.swift */; };
		6C66C2B12B0CE31700E22EAC /* EduAppApp.swift in Sources */ = {isa = PBXBuildFile; fileRef = 6C66C2B02B0CE31700E22EAC /* EduAppApp.swift */; };
		6C66C2B32B0CE31700E22EAC /* ContentView.swift in Sources */ = {isa = PBXBuildFile; fileRef = 6C66C2B22B0CE31700E22EAC /* ContentView.swift */; };
		6C66C2B52B0CE31700E22EAC /* AreaModel.swift in Sources */ = {isa = PBXBuildFile; fileRef = 6C66C2B42B0CE31700E22EAC /* AreaModel.swift */; };
		6C66C2B72B0CE31900E22EAC /* Assets.xcassets in Resources */ = {isa = PBXBuildFile; fileRef = 6C66C2B62B0CE31900E22EAC /* Assets.xcassets */; };
		6C66C2BA2B0CE31900E22EAC /* Preview Assets.xcassets in Resources */ = {isa = PBXBuildFile; fileRef = 6C66C2B92B0CE31900E22EAC /* Preview Assets.xcassets */; };
		6C66C2C42B0CE3BC00E22EAC /* EvolutionView.swift in Sources */ = {isa = PBXBuildFile; fileRef = 6C66C2C32B0CE3BC00E22EAC /* EvolutionView.swift */; };
		6C66C2C62B0CE42400E22EAC /* TimerView.swift in Sources */ = {isa = PBXBuildFile; fileRef = 6C66C2C52B0CE42400E22EAC /* TimerView.swift */; };
		6C66C2C82B0CE96900E22EAC /* TimerCircle.swift in Sources */ = {isa = PBXBuildFile; fileRef = 6C66C2C72B0CE96900E22EAC /* TimerCircle.swift */; };
		6C66C2CA2B0CF8E700E22EAC /* TimerAddNote.swift in Sources */ = {isa = PBXBuildFile; fileRef = 6C66C2C92B0CF8E700E22EAC /* TimerAddNote.swift */; };
		6C66C3072B0F8D9B00E22EAC /* ColorApp.swift in Sources */ = {isa = PBXBuildFile; fileRef = 6C66C3062B0F8D9B00E22EAC /* ColorApp.swift */; };
		6C66C3092B10D47B00E22EAC /* AreaGridVIew.swift in Sources */ = {isa = PBXBuildFile; fileRef = 6C66C3082B10D47B00E22EAC /* AreaGridVIew.swift */; };
		6C66C30B2B14C7AF00E22EAC /* studyDay.swift in Sources */ = {isa = PBXBuildFile; fileRef = 6C66C30A2B14C7AF00E22EAC /* studyDay.swift */; };
		6C66C30D2B16252D00E22EAC /* AreaGridComponent.swift in Sources */ = {isa = PBXBuildFile; fileRef = 6C66C30C2B16252D00E22EAC /* AreaGridComponent.swift */; };
		EB7DCAFF2B19048B00A2E677 /* LoadingView.swift in Sources */ = {isa = PBXBuildFile; fileRef = EB7DCAFE2B19048B00A2E677 /* LoadingView.swift */; };
		EB7DCB022B190CCE00A2E677 /* ChallengeView.swift in Sources */ = {isa = PBXBuildFile; fileRef = EB7DCB012B190CCE00A2E677 /* ChallengeView.swift */; };
		EB83B8752B0E34EA003DC8A2 /* ChartView.swift in Sources */ = {isa = PBXBuildFile; fileRef = EB83B8742B0E34EA003DC8A2 /* ChartView.swift */; };
		EB83B87C2B14C331003DC8A2 /* NoteView.swift in Sources */ = {isa = PBXBuildFile; fileRef = EB83B87B2B14C331003DC8A2 /* NoteView.swift */; };
		EB83B87E2B14C4D9003DC8A2 /* NoteModel.swift in Sources */ = {isa = PBXBuildFile; fileRef = EB83B87D2B14C4D9003DC8A2 /* NoteModel.swift */; };
		EB83B8802B14C5EA003DC8A2 /* NoteCard.swift in Sources */ = {isa = PBXBuildFile; fileRef = EB83B87F2B14C5EA003DC8A2 /* NoteCard.swift */; };
		EB83B8822B14D7F9003DC8A2 /* AddAreaSheet.swift in Sources */ = {isa = PBXBuildFile; fileRef = EB83B8812B14D7F9003DC8A2 /* AddAreaSheet.swift */; };
		EB83B8842B14E04D003DC8A2 /* NewNote.swift in Sources */ = {isa = PBXBuildFile; fileRef = EB83B8832B14E04D003DC8A2 /* NewNote.swift */; };
/* End PBXBuildFile section */

/* Begin PBXFileReference section */
		684556F12B0F93DD00E128E3 /* HomeView.swift */ = {isa = PBXFileReference; lastKnownFileType = sourcecode.swift; path = HomeView.swift; sourceTree = "<group>"; };
		684556F32B0F940600E128E3 /* HomeViewHeader.swift */ = {isa = PBXFileReference; lastKnownFileType = sourcecode.swift; path = HomeViewHeader.swift; sourceTree = "<group>"; };
		684556FA2B0F958400E128E3 /* AreaCard.swift */ = {isa = PBXFileReference; lastKnownFileType = sourcecode.swift; path = AreaCard.swift; sourceTree = "<group>"; };
		68E939E02B1628BF00E71F56 /* NewCycleButton.swift */ = {isa = PBXFileReference; lastKnownFileType = sourcecode.swift; path = NewCycleButton.swift; sourceTree = "<group>"; };
		6C035AEA2B18BDE30018063C /* AreaSheetView.swift */ = {isa = PBXFileReference; lastKnownFileType = sourcecode.swift; path = AreaSheetView.swift; sourceTree = "<group>"; };
		6C035AEC2B193E800018063C /* NoteAreaSheet.swift */ = {isa = PBXFileReference; lastKnownFileType = sourcecode.swift; path = NoteAreaSheet.swift; sourceTree = "<group>"; };
		6C66C2AD2B0CE31700E22EAC /* EduApp.app */ = {isa = PBXFileReference; explicitFileType = wrapper.application; includeInIndex = 0; path = EduApp.app; sourceTree = BUILT_PRODUCTS_DIR; };
		6C66C2B02B0CE31700E22EAC /* EduAppApp.swift */ = {isa = PBXFileReference; lastKnownFileType = sourcecode.swift; path = EduAppApp.swift; sourceTree = "<group>"; };
		6C66C2B22B0CE31700E22EAC /* ContentView.swift */ = {isa = PBXFileReference; lastKnownFileType = sourcecode.swift; path = ContentView.swift; sourceTree = "<group>"; };
		6C66C2B42B0CE31700E22EAC /* AreaModel.swift */ = {isa = PBXFileReference; lastKnownFileType = sourcecode.swift; path = AreaModel.swift; sourceTree = "<group>"; };
		6C66C2B62B0CE31900E22EAC /* Assets.xcassets */ = {isa = PBXFileReference; lastKnownFileType = folder.assetcatalog; path = Assets.xcassets; sourceTree = "<group>"; };
		6C66C2B92B0CE31900E22EAC /* Preview Assets.xcassets */ = {isa = PBXFileReference; lastKnownFileType = folder.assetcatalog; path = "Preview Assets.xcassets"; sourceTree = "<group>"; };
		6C66C2C32B0CE3BC00E22EAC /* EvolutionView.swift */ = {isa = PBXFileReference; lastKnownFileType = sourcecode.swift; path = EvolutionView.swift; sourceTree = "<group>"; };
		6C66C2C52B0CE42400E22EAC /* TimerView.swift */ = {isa = PBXFileReference; lastKnownFileType = sourcecode.swift; path = TimerView.swift; sourceTree = "<group>"; };
		6C66C2C72B0CE96900E22EAC /* TimerCircle.swift */ = {isa = PBXFileReference; lastKnownFileType = sourcecode.swift; path = TimerCircle.swift; sourceTree = "<group>"; };
		6C66C2C92B0CF8E700E22EAC /* TimerAddNote.swift */ = {isa = PBXFileReference; lastKnownFileType = sourcecode.swift; path = TimerAddNote.swift; sourceTree = "<group>"; };
		6C66C3062B0F8D9B00E22EAC /* ColorApp.swift */ = {isa = PBXFileReference; lastKnownFileType = sourcecode.swift; path = ColorApp.swift; sourceTree = "<group>"; };
		6C66C3082B10D47B00E22EAC /* AreaGridVIew.swift */ = {isa = PBXFileReference; lastKnownFileType = sourcecode.swift; path = AreaGridVIew.swift; sourceTree = "<group>"; };
		6C66C30A2B14C7AF00E22EAC /* studyDay.swift */ = {isa = PBXFileReference; lastKnownFileType = sourcecode.swift; path = studyDay.swift; sourceTree = "<group>"; };
		6C66C30C2B16252D00E22EAC /* AreaGridComponent.swift */ = {isa = PBXFileReference; lastKnownFileType = sourcecode.swift; path = AreaGridComponent.swift; sourceTree = "<group>"; };
		EB7DCAFE2B19048B00A2E677 /* LoadingView.swift */ = {isa = PBXFileReference; lastKnownFileType = sourcecode.swift; path = LoadingView.swift; sourceTree = "<group>"; };
		EB7DCB012B190CCE00A2E677 /* ChallengeView.swift */ = {isa = PBXFileReference; lastKnownFileType = sourcecode.swift; path = ChallengeView.swift; sourceTree = "<group>"; };
		EB83B8742B0E34EA003DC8A2 /* ChartView.swift */ = {isa = PBXFileReference; lastKnownFileType = sourcecode.swift; path = ChartView.swift; sourceTree = "<group>"; };
		EB83B87B2B14C331003DC8A2 /* NoteView.swift */ = {isa = PBXFileReference; lastKnownFileType = sourcecode.swift; path = NoteView.swift; sourceTree = "<group>"; };
		EB83B87D2B14C4D9003DC8A2 /* NoteModel.swift */ = {isa = PBXFileReference; lastKnownFileType = sourcecode.swift; path = NoteModel.swift; sourceTree = "<group>"; };
		EB83B87F2B14C5EA003DC8A2 /* NoteCard.swift */ = {isa = PBXFileReference; lastKnownFileType = sourcecode.swift; path = NoteCard.swift; sourceTree = "<group>"; };
		EB83B8812B14D7F9003DC8A2 /* AddAreaSheet.swift */ = {isa = PBXFileReference; lastKnownFileType = sourcecode.swift; path = AddAreaSheet.swift; sourceTree = "<group>"; };
		EB83B8832B14E04D003DC8A2 /* NewNote.swift */ = {isa = PBXFileReference; lastKnownFileType = sourcecode.swift; path = NewNote.swift; sourceTree = "<group>"; };
/* End PBXFileReference section */

/* Begin PBXFrameworksBuildPhase section */
		6C66C2AA2B0CE31700E22EAC /* Frameworks */ = {
			isa = PBXFrameworksBuildPhase;
			buildActionMask = 2147483647;
			files = (
			);
			runOnlyForDeploymentPostprocessing = 0;
		};
/* End PBXFrameworksBuildPhase section */

/* Begin PBXGroup section */
		684556F02B0F93C700E128E3 /* Home */ = {
			isa = PBXGroup;
			children = (
				684556F12B0F93DD00E128E3 /* HomeView.swift */,
				684556F32B0F940600E128E3 /* HomeViewHeader.swift */,
			);
			path = Home;
			sourceTree = "<group>";
		};
		684556F52B0F948600E128E3 /* Area */ = {
			isa = PBXGroup;
			children = (
				684556FA2B0F958400E128E3 /* AreaCard.swift */,
				6C66C3082B10D47B00E22EAC /* AreaGridVIew.swift */,
				6C66C30C2B16252D00E22EAC /* AreaGridComponent.swift */,
				EB83B8812B14D7F9003DC8A2 /* AddAreaSheet.swift */,
				6C035AEA2B18BDE30018063C /* AreaSheetView.swift */,
			);
			path = Area;
			sourceTree = "<group>";
		};
		68E939DF2B16289400E71F56 /* New Cycle */ = {
			isa = PBXGroup;
			children = (
				68E939E02B1628BF00E71F56 /* NewCycleButton.swift */,
			);
			path = "New Cycle";
			sourceTree = "<group>";
		};
		6C66C2A42B0CE31700E22EAC = {
			isa = PBXGroup;
			children = (
				6C66C2AF2B0CE31700E22EAC /* EduApp */,
				6C66C2AE2B0CE31700E22EAC /* Products */,
			);
			sourceTree = "<group>";
		};
		6C66C2AE2B0CE31700E22EAC /* Products */ = {
			isa = PBXGroup;
			children = (
				6C66C2AD2B0CE31700E22EAC /* EduApp.app */,
			);
			name = Products;
			sourceTree = "<group>";
		};
		6C66C2AF2B0CE31700E22EAC /* EduApp */ = {
			isa = PBXGroup;
			children = (
				6C66C2B02B0CE31700E22EAC /* EduAppApp.swift */,
				6C66C2B22B0CE31700E22EAC /* ContentView.swift */,
				6C66C3032B0E459300E22EAC /* DataBase */,
				6C66C2C02B0CE33300E22EAC /* Features */,
				6C66C2B62B0CE31900E22EAC /* Assets.xcassets */,
				6C66C2B82B0CE31900E22EAC /* Preview Content */,
			);
			path = EduApp;
			sourceTree = "<group>";
		};
		6C66C2B82B0CE31900E22EAC /* Preview Content */ = {
			isa = PBXGroup;
			children = (
				6C66C2B92B0CE31900E22EAC /* Preview Assets.xcassets */,
			);
			path = "Preview Content";
			sourceTree = "<group>";
		};
		6C66C2C02B0CE33300E22EAC /* Features */ = {
			isa = PBXGroup;
			children = (
				EB7DCB002B190CB900A2E677 /* Challenges */,
				EB7DCAFB2B19011A00A2E677 /* Loading */,
				EB83B87A2B14C318003DC8A2 /* Notes */,
				684556F52B0F948600E128E3 /* Area */,
				684556F02B0F93C700E128E3 /* Home */,
				68E939DF2B16289400E71F56 /* New Cycle */,
				6C66C2C22B0CE36000E22EAC /* Timer */,
				6C66C2C12B0CE34F00E22EAC /* Evolution */,
			);
			path = Features;
			sourceTree = "<group>";
		};
		6C66C2C12B0CE34F00E22EAC /* Evolution */ = {
			isa = PBXGroup;
			children = (
				6C66C2C32B0CE3BC00E22EAC /* EvolutionView.swift */,
				EB83B8742B0E34EA003DC8A2 /* ChartView.swift */,
			);
			path = Evolution;
			sourceTree = "<group>";
		};
		6C66C2C22B0CE36000E22EAC /* Timer */ = {
			isa = PBXGroup;
			children = (
				6C66C2C52B0CE42400E22EAC /* TimerView.swift */,
				6C66C2C92B0CF8E700E22EAC /* TimerAddNote.swift */,
				6C66C2C72B0CE96900E22EAC /* TimerCircle.swift */,
			);
			path = Timer;
			sourceTree = "<group>";
		};
		6C66C3032B0E459300E22EAC /* DataBase */ = {
			isa = PBXGroup;
			children = (
				6C66C2B42B0CE31700E22EAC /* AreaModel.swift */,
				EB83B87D2B14C4D9003DC8A2 /* NoteModel.swift */,
				6C66C3062B0F8D9B00E22EAC /* ColorApp.swift */,
				6C66C30A2B14C7AF00E22EAC /* studyDay.swift */,
			);
			path = DataBase;
			sourceTree = "<group>";
		};
		EB7DCAFB2B19011A00A2E677 /* Loading */ = {
			isa = PBXGroup;
			children = (
				EB7DCAFE2B19048B00A2E677 /* LoadingView.swift */,
			);
			path = Loading;
			sourceTree = "<group>";
		};
		EB7DCB002B190CB900A2E677 /* Challenges */ = {
			isa = PBXGroup;
			children = (
				EB7DCB012B190CCE00A2E677 /* ChallengeView.swift */,
			);
			path = Challenges;
			sourceTree = "<group>";
		};
		EB83B87A2B14C318003DC8A2 /* Notes */ = {
			isa = PBXGroup;
			children = (
				EB83B87B2B14C331003DC8A2 /* NoteView.swift */,
				EB83B8832B14E04D003DC8A2 /* NewNote.swift */,
				6C035AEC2B193E800018063C /* NoteAreaSheet.swift */,
				EB83B87F2B14C5EA003DC8A2 /* NoteCard.swift */,
			);
			path = Notes;
			sourceTree = "<group>";
		};
/* End PBXGroup section */

/* Begin PBXNativeTarget section */
		6C66C2AC2B0CE31700E22EAC /* EduApp */ = {
			isa = PBXNativeTarget;
			buildConfigurationList = 6C66C2BD2B0CE31900E22EAC /* Build configuration list for PBXNativeTarget "EduApp" */;
			buildPhases = (
				6C66C2A92B0CE31700E22EAC /* Sources */,
				6C66C2AA2B0CE31700E22EAC /* Frameworks */,
				6C66C2AB2B0CE31700E22EAC /* Resources */,
			);
			buildRules = (
			);
			dependencies = (
			);
			name = EduApp;
			productName = EduApp;
			productReference = 6C66C2AD2B0CE31700E22EAC /* EduApp.app */;
			productType = "com.apple.product-type.application";
		};
/* End PBXNativeTarget section */

/* Begin PBXProject section */
		6C66C2A52B0CE31700E22EAC /* Project object */ = {
			isa = PBXProject;
			attributes = {
				BuildIndependentTargetsInParallel = 1;
				LastSwiftUpdateCheck = 1500;
				LastUpgradeCheck = 1500;
				TargetAttributes = {
					6C66C2AC2B0CE31700E22EAC = {
						CreatedOnToolsVersion = 15.0;
					};
				};
			};
			buildConfigurationList = 6C66C2A82B0CE31700E22EAC /* Build configuration list for PBXProject "EduApp" */;
			compatibilityVersion = "Xcode 14.0";
			developmentRegion = en;
			hasScannedForEncodings = 0;
			knownRegions = (
				en,
				Base,
			);
			mainGroup = 6C66C2A42B0CE31700E22EAC;
			productRefGroup = 6C66C2AE2B0CE31700E22EAC /* Products */;
			projectDirPath = "";
			projectRoot = "";
			targets = (
				6C66C2AC2B0CE31700E22EAC /* EduApp */,
			);
		};
/* End PBXProject section */

/* Begin PBXResourcesBuildPhase section */
		6C66C2AB2B0CE31700E22EAC /* Resources */ = {
			isa = PBXResourcesBuildPhase;
			buildActionMask = 2147483647;
			files = (
				6C66C2BA2B0CE31900E22EAC /* Preview Assets.xcassets in Resources */,
				6C66C2B72B0CE31900E22EAC /* Assets.xcassets in Resources */,
			);
			runOnlyForDeploymentPostprocessing = 0;
		};
/* End PBXResourcesBuildPhase section */

/* Begin PBXSourcesBuildPhase section */
		6C66C2A92B0CE31700E22EAC /* Sources */ = {
			isa = PBXSourcesBuildPhase;
			buildActionMask = 2147483647;
			files = (
				684556FB2B0F958400E128E3 /* AreaCard.swift in Sources */,
				EB83B8822B14D7F9003DC8A2 /* AddAreaSheet.swift in Sources */,
				684556F22B0F93DD00E128E3 /* HomeView.swift in Sources */,
				6C035AED2B193E800018063C /* NoteAreaSheet.swift in Sources */,
				6C66C2C62B0CE42400E22EAC /* TimerView.swift in Sources */,
				6C66C2C82B0CE96900E22EAC /* TimerCircle.swift in Sources */,
				6C66C2B32B0CE31700E22EAC /* ContentView.swift in Sources */,
				6C66C2B52B0CE31700E22EAC /* AreaModel.swift in Sources */,
				EB83B8752B0E34EA003DC8A2 /* ChartView.swift in Sources */,
				6C66C2B52B0CE31700E22EAC /* AreaModel.swift in Sources */,
				EB83B87C2B14C331003DC8A2 /* NoteView.swift in Sources */,
				EB83B87E2B14C4D9003DC8A2 /* NoteModel.swift in Sources */,
				6C66C2B52B0CE31700E22EAC /* AreaModel.swift in Sources */,
				6C66C2C42B0CE3BC00E22EAC /* EvolutionView.swift in Sources */,
				684556F42B0F940600E128E3 /* HomeViewHeader.swift in Sources */,
				68E939E12B1628BF00E71F56 /* NewCycleButton.swift in Sources */,
				6C66C3072B0F8D9B00E22EAC /* ColorApp.swift in Sources */,
				EB83B8842B14E04D003DC8A2 /* NewNote.swift in Sources */,
				EB7DCAFF2B19048B00A2E677 /* LoadingView.swift in Sources */,
				6C66C2B12B0CE31700E22EAC /* EduAppApp.swift in Sources */,
				6C66C30B2B14C7AF00E22EAC /* studyDay.swift in Sources */,
				6C66C30D2B16252D00E22EAC /* AreaGridComponent.swift in Sources */,
				EB7DCB022B190CCE00A2E677 /* ChallengeView.swift in Sources */,
				EB83B8802B14C5EA003DC8A2 /* NoteCard.swift in Sources */,
				6C035AEB2B18BDE30018063C /* AreaSheetView.swift in Sources */,
				6C66C2CA2B0CF8E700E22EAC /* TimerAddNote.swift in Sources */,
				6C66C3092B10D47B00E22EAC /* AreaGridVIew.swift in Sources */,
			);
			runOnlyForDeploymentPostprocessing = 0;
		};
/* End PBXSourcesBuildPhase section */

/* Begin XCBuildConfiguration section */
		6C66C2BB2B0CE31900E22EAC /* Debug */ = {
			isa = XCBuildConfiguration;
			buildSettings = {
				ALWAYS_SEARCH_USER_PATHS = NO;
				ASSETCATALOG_COMPILER_GENERATE_SWIFT_ASSET_SYMBOL_EXTENSIONS = YES;
				CLANG_ANALYZER_NONNULL = YES;
				CLANG_ANALYZER_NUMBER_OBJECT_CONVERSION = YES_AGGRESSIVE;
				CLANG_CXX_LANGUAGE_STANDARD = "gnu++20";
				CLANG_ENABLE_MODULES = YES;
				CLANG_ENABLE_OBJC_ARC = YES;
				CLANG_ENABLE_OBJC_WEAK = YES;
				CLANG_WARN_BLOCK_CAPTURE_AUTORELEASING = YES;
				CLANG_WARN_BOOL_CONVERSION = YES;
				CLANG_WARN_COMMA = YES;
				CLANG_WARN_CONSTANT_CONVERSION = YES;
				CLANG_WARN_DEPRECATED_OBJC_IMPLEMENTATIONS = YES;
				CLANG_WARN_DIRECT_OBJC_ISA_USAGE = YES_ERROR;
				CLANG_WARN_DOCUMENTATION_COMMENTS = YES;
				CLANG_WARN_EMPTY_BODY = YES;
				CLANG_WARN_ENUM_CONVERSION = YES;
				CLANG_WARN_INFINITE_RECURSION = YES;
				CLANG_WARN_INT_CONVERSION = YES;
				CLANG_WARN_NON_LITERAL_NULL_CONVERSION = YES;
				CLANG_WARN_OBJC_IMPLICIT_RETAIN_SELF = YES;
				CLANG_WARN_OBJC_LITERAL_CONVERSION = YES;
				CLANG_WARN_OBJC_ROOT_CLASS = YES_ERROR;
				CLANG_WARN_QUOTED_INCLUDE_IN_FRAMEWORK_HEADER = YES;
				CLANG_WARN_RANGE_LOOP_ANALYSIS = YES;
				CLANG_WARN_STRICT_PROTOTYPES = YES;
				CLANG_WARN_SUSPICIOUS_MOVE = YES;
				CLANG_WARN_UNGUARDED_AVAILABILITY = YES_AGGRESSIVE;
				CLANG_WARN_UNREACHABLE_CODE = YES;
				CLANG_WARN__DUPLICATE_METHOD_MATCH = YES;
				COPY_PHASE_STRIP = NO;
				DEBUG_INFORMATION_FORMAT = dwarf;
				ENABLE_STRICT_OBJC_MSGSEND = YES;
				ENABLE_TESTABILITY = YES;
				ENABLE_USER_SCRIPT_SANDBOXING = YES;
				GCC_C_LANGUAGE_STANDARD = gnu17;
				GCC_DYNAMIC_NO_PIC = NO;
				GCC_NO_COMMON_BLOCKS = YES;
				GCC_OPTIMIZATION_LEVEL = 0;
				GCC_PREPROCESSOR_DEFINITIONS = (
					"DEBUG=1",
					"$(inherited)",
				);
				GCC_WARN_64_TO_32_BIT_CONVERSION = YES;
				GCC_WARN_ABOUT_RETURN_TYPE = YES_ERROR;
				GCC_WARN_UNDECLARED_SELECTOR = YES;
				GCC_WARN_UNINITIALIZED_AUTOS = YES_AGGRESSIVE;
				GCC_WARN_UNUSED_FUNCTION = YES;
				GCC_WARN_UNUSED_VARIABLE = YES;
				IPHONEOS_DEPLOYMENT_TARGET = 17.0;
				LOCALIZATION_PREFERS_STRING_CATALOGS = YES;
				MTL_ENABLE_DEBUG_INFO = INCLUDE_SOURCE;
				MTL_FAST_MATH = YES;
				ONLY_ACTIVE_ARCH = YES;
				SDKROOT = iphoneos;
				SWIFT_ACTIVE_COMPILATION_CONDITIONS = "DEBUG $(inherited)";
				SWIFT_OPTIMIZATION_LEVEL = "-Onone";
			};
			name = Debug;
		};
		6C66C2BC2B0CE31900E22EAC /* Release */ = {
			isa = XCBuildConfiguration;
			buildSettings = {
				ALWAYS_SEARCH_USER_PATHS = NO;
				ASSETCATALOG_COMPILER_GENERATE_SWIFT_ASSET_SYMBOL_EXTENSIONS = YES;
				CLANG_ANALYZER_NONNULL = YES;
				CLANG_ANALYZER_NUMBER_OBJECT_CONVERSION = YES_AGGRESSIVE;
				CLANG_CXX_LANGUAGE_STANDARD = "gnu++20";
				CLANG_ENABLE_MODULES = YES;
				CLANG_ENABLE_OBJC_ARC = YES;
				CLANG_ENABLE_OBJC_WEAK = YES;
				CLANG_WARN_BLOCK_CAPTURE_AUTORELEASING = YES;
				CLANG_WARN_BOOL_CONVERSION = YES;
				CLANG_WARN_COMMA = YES;
				CLANG_WARN_CONSTANT_CONVERSION = YES;
				CLANG_WARN_DEPRECATED_OBJC_IMPLEMENTATIONS = YES;
				CLANG_WARN_DIRECT_OBJC_ISA_USAGE = YES_ERROR;
				CLANG_WARN_DOCUMENTATION_COMMENTS = YES;
				CLANG_WARN_EMPTY_BODY = YES;
				CLANG_WARN_ENUM_CONVERSION = YES;
				CLANG_WARN_INFINITE_RECURSION = YES;
				CLANG_WARN_INT_CONVERSION = YES;
				CLANG_WARN_NON_LITERAL_NULL_CONVERSION = YES;
				CLANG_WARN_OBJC_IMPLICIT_RETAIN_SELF = YES;
				CLANG_WARN_OBJC_LITERAL_CONVERSION = YES;
				CLANG_WARN_OBJC_ROOT_CLASS = YES_ERROR;
				CLANG_WARN_QUOTED_INCLUDE_IN_FRAMEWORK_HEADER = YES;
				CLANG_WARN_RANGE_LOOP_ANALYSIS = YES;
				CLANG_WARN_STRICT_PROTOTYPES = YES;
				CLANG_WARN_SUSPICIOUS_MOVE = YES;
				CLANG_WARN_UNGUARDED_AVAILABILITY = YES_AGGRESSIVE;
				CLANG_WARN_UNREACHABLE_CODE = YES;
				CLANG_WARN__DUPLICATE_METHOD_MATCH = YES;
				COPY_PHASE_STRIP = NO;
				DEBUG_INFORMATION_FORMAT = "dwarf-with-dsym";
				ENABLE_NS_ASSERTIONS = NO;
				ENABLE_STRICT_OBJC_MSGSEND = YES;
				ENABLE_USER_SCRIPT_SANDBOXING = YES;
				GCC_C_LANGUAGE_STANDARD = gnu17;
				GCC_NO_COMMON_BLOCKS = YES;
				GCC_WARN_64_TO_32_BIT_CONVERSION = YES;
				GCC_WARN_ABOUT_RETURN_TYPE = YES_ERROR;
				GCC_WARN_UNDECLARED_SELECTOR = YES;
				GCC_WARN_UNINITIALIZED_AUTOS = YES_AGGRESSIVE;
				GCC_WARN_UNUSED_FUNCTION = YES;
				GCC_WARN_UNUSED_VARIABLE = YES;
				IPHONEOS_DEPLOYMENT_TARGET = 17.0;
				LOCALIZATION_PREFERS_STRING_CATALOGS = YES;
				MTL_ENABLE_DEBUG_INFO = NO;
				MTL_FAST_MATH = YES;
				SDKROOT = iphoneos;
				SWIFT_COMPILATION_MODE = wholemodule;
				VALIDATE_PRODUCT = YES;
			};
			name = Release;
		};
		6C66C2BE2B0CE31900E22EAC /* Debug */ = {
			isa = XCBuildConfiguration;
			buildSettings = {
				ASSETCATALOG_COMPILER_APPICON_NAME = AppIcon;
				ASSETCATALOG_COMPILER_GLOBAL_ACCENT_COLOR_NAME = AccentColor;
				CODE_SIGN_STYLE = Automatic;
				CURRENT_PROJECT_VERSION = 1;
				DEVELOPMENT_ASSET_PATHS = "\"EduApp/Preview Content\"";
				ENABLE_PREVIEWS = YES;
				GENERATE_INFOPLIST_FILE = YES;
				INFOPLIST_KEY_UIApplicationSceneManifest_Generation = YES;
				INFOPLIST_KEY_UIApplicationSupportsIndirectInputEvents = YES;
				INFOPLIST_KEY_UILaunchScreen_Generation = YES;
				INFOPLIST_KEY_UISupportedInterfaceOrientations_iPad = "UIInterfaceOrientationPortrait UIInterfaceOrientationPortraitUpsideDown UIInterfaceOrientationLandscapeLeft UIInterfaceOrientationLandscapeRight";
				INFOPLIST_KEY_UISupportedInterfaceOrientations_iPhone = "UIInterfaceOrientationPortrait UIInterfaceOrientationLandscapeLeft UIInterfaceOrientationLandscapeRight";
				LD_RUNPATH_SEARCH_PATHS = (
					"$(inherited)",
					"@executable_path/Frameworks",
				);
				MARKETING_VERSION = 1.0;
				PRODUCT_BUNDLE_IDENTIFIER = com.demari.EduApp;
				PRODUCT_NAME = "$(TARGET_NAME)";
				SWIFT_EMIT_LOC_STRINGS = YES;
				SWIFT_VERSION = 5.0;
				TARGETED_DEVICE_FAMILY = "1,2";
			};
			name = Debug;
		};
		6C66C2BF2B0CE31900E22EAC /* Release */ = {
			isa = XCBuildConfiguration;
			buildSettings = {
				ASSETCATALOG_COMPILER_APPICON_NAME = AppIcon;
				ASSETCATALOG_COMPILER_GLOBAL_ACCENT_COLOR_NAME = AccentColor;
				CODE_SIGN_STYLE = Automatic;
				CURRENT_PROJECT_VERSION = 1;
				DEVELOPMENT_ASSET_PATHS = "\"EduApp/Preview Content\"";
				ENABLE_PREVIEWS = YES;
				GENERATE_INFOPLIST_FILE = YES;
				INFOPLIST_KEY_UIApplicationSceneManifest_Generation = YES;
				INFOPLIST_KEY_UIApplicationSupportsIndirectInputEvents = YES;
				INFOPLIST_KEY_UILaunchScreen_Generation = YES;
				INFOPLIST_KEY_UISupportedInterfaceOrientations_iPad = "UIInterfaceOrientationPortrait UIInterfaceOrientationPortraitUpsideDown UIInterfaceOrientationLandscapeLeft UIInterfaceOrientationLandscapeRight";
				INFOPLIST_KEY_UISupportedInterfaceOrientations_iPhone = "UIInterfaceOrientationPortrait UIInterfaceOrientationLandscapeLeft UIInterfaceOrientationLandscapeRight";
				LD_RUNPATH_SEARCH_PATHS = (
					"$(inherited)",
					"@executable_path/Frameworks",
				);
				MARKETING_VERSION = 1.0;
				PRODUCT_BUNDLE_IDENTIFIER = com.demari.EduApp;
				PRODUCT_NAME = "$(TARGET_NAME)";
				SWIFT_EMIT_LOC_STRINGS = YES;
				SWIFT_VERSION = 5.0;
				TARGETED_DEVICE_FAMILY = "1,2";
			};
			name = Release;
		};
/* End XCBuildConfiguration section */

/* Begin XCConfigurationList section */
		6C66C2A82B0CE31700E22EAC /* Build configuration list for PBXProject "EduApp" */ = {
			isa = XCConfigurationList;
			buildConfigurations = (
				6C66C2BB2B0CE31900E22EAC /* Debug */,
				6C66C2BC2B0CE31900E22EAC /* Release */,
			);
			defaultConfigurationIsVisible = 0;
			defaultConfigurationName = Release;
		};
		6C66C2BD2B0CE31900E22EAC /* Build configuration list for PBXNativeTarget "EduApp" */ = {
			isa = XCConfigurationList;
			buildConfigurations = (
				6C66C2BE2B0CE31900E22EAC /* Debug */,
				6C66C2BF2B0CE31900E22EAC /* Release */,
			);
			defaultConfigurationIsVisible = 0;
			defaultConfigurationName = Release;
		};
/* End XCConfigurationList section */
	};
	rootObject = 6C66C2A52B0CE31700E22EAC /* Project object */;
}
